
Microsoft Visual Studio Solution File, Format Version 12.00
# Visual Studio 15
VisualStudioVersion = 15.0.27703.2026
MinimumVisualStudioVersion = 10.0.40219.1
Project("{FAE04EC0-301F-11D3-BF4B-00C04F79EFBC}") = "MySocket", "MySocket\MySocket.csproj", "{B8AB0A80-1DFB-4AF6-895B-38068C53CA55}"
EndProject
Global
	GlobalSection(SolutionConfigurationPlatforms) = preSolution
		Debug|Any CPU = Debug|Any CPU
		Release|Any CPU = Release|Any CPU
	EndGlobalSection
	GlobalSection(ProjectConfigurationPlatforms) = postSolution
		{B8AB0A80-1DFB-4AF6-895B-38068C53CA55}.Debug|Any CPU.ActiveCfg = Debug|Any CPU
		{B8AB0A80-1DFB-4AF6-895B-38068C53CA55}.Debug|Any CPU.Build.0 = Debug|Any CPU
		{B8AB0A80-1DFB-4AF6-895B-38068C53CA55}.Release|Any CPU.ActiveCfg = Release|Any CPU
		{B8AB0A80-1DFB-4AF6-895B-38068C53CA55}.Release|Any CPU.Build.0 = Release|Any CPU
	EndGlobalSection
	GlobalSection(SolutionProperties) = preSolution
		HideSolutionNode = FALSE
	EndGlobalSection
	GlobalSection(ExtensibilityGlobals) = postSolution
		SolutionGuid = {EE2D7B89-302E-4F17-B64F-1A0D678213FF}
	EndGlobalSection
EndGlobal
